{
    "_meta": {
        "hash": {
            "sha256": "61e40ebc4b98fe0158c464cd83711a08635b10a3e8a289930aa95683deebf01e"
        },
        "pipfile-spec": 6,
        "requires": {
            "python_version": "3.10"
        },
        "sources": [
            {
                "name": "pypi",
                "url": "https://pypi.org/simple",
                "verify_ssl": true
            }
        ]
    },
    "default": {
        "playsound": {
            "hashes": [
                "sha256:cc6ed11d773034b0ef624e6bb4bf50f4b76b8414a59ce6d38afb89b423297ced"
            ],
            "index": "pypi",
            "version": "==1.3.0"
        }
    },
    "develop": {}
}
